<?xml version="1.0" encoding="utf-8"?>
<Project ToolsVersion="4.0" xmlns="http://schemas.microsoft.com/developer/msbuild/2003">
  <ItemGroup>
    <ClCompile Include="src\game.cpp" />
    <ClCompile Include="src\engine\surface.cpp">
      <Filter>template code</Filter>
    </ClCompile>
    <ClCompile Include="src\engine\template.cpp">
      <Filter>template code</Filter>
    </ClCompile>
    <ClCompile Include="src\physics\bone.cpp" />
    <ClCompile Include="src\utils\math\mat3x3.cpp" />
    <ClCompile Include="src\engine\camera.cpp" />
    <ClCompile Include="src\game\player.cpp" />
    <ClCompile Include="src\graphics\tilemap.cpp" />
  </ItemGroup>
  <ItemGroup>
    <ClInclude Include="src\game.h" />
    <ClInclude Include="src\engine\surface.h">
      <Filter>template code</Filter>
    </ClInclude>
    <ClInclude Include="src\engine\template.h">
      <Filter>template code</Filter>
    </ClInclude>
    <ClInclude Include="src\physics\bone.h" />
    <ClInclude Include="src\utils\int2.hpp" />
    <ClInclude Include="src\utils\float2.hpp" />
    <ClInclude Include="src\utils.h" />
    <ClInclude Include="src\utils\math\mat3x3.h" />
    <ClInclude Include="src\engine\camera.h" />
    <ClInclude Include="src\game\player.h" />
    <ClInclude Include="src\graphics\tilemap.h" />
    <ClInclude Include="src\graphics\map.h" />
  </ItemGroup>
  <ItemGroup>
    <Filter Include="template code">
      <UniqueIdentifier>{bf32dd6e-4be7-4889-8ac6-49e7ee163c40}</UniqueIdentifier>
    </Filter>
  </ItemGroup>
  <ItemGroup>
    <Image Include="assets\boss.png" />
  </ItemGroup>
</Project>